
Microsoft Visual Studio Solution File, Format Version 12.00
# Visual Studio Version 17
VisualStudioVersion = 17.14.36301.6 d17.14
MinimumVisualStudioVersion = 10.0.40219.1
Project("{FAE04EC0-301F-11D3-BF4B-00C04F79EFBC}") = "HakemYorumlari", "HakemYorumlari.csproj", "{A6646255-F0AD-87BD-942C-ABF53D2C8EDA}"
EndProject
Global
	GlobalSection(SolutionConfigurationPlatforms) = preSolution
		Debug|Any CPU = Debug|Any CPU
		Release|Any CPU = Release|Any CPU
	EndGlobalSection
	GlobalSection(ProjectConfigurationPlatforms) = postSolution
		{A6646255-F0AD-87BD-942C-ABF53D2C8EDA}.Debug|Any CPU.ActiveCfg = Debug|Any CPU
		{A6646255-F0AD-87BD-942C-ABF53D2C8EDA}.Debug|Any CPU.Build.0 = Debug|Any CPU
		{A6646255-F0AD-87BD-942C-ABF53D2C8EDA}.Release|Any CPU.ActiveCfg = Release|Any CPU
		{A6646255-F0AD-87BD-942C-ABF53D2C8EDA}.Release|Any CPU.Build.0 = Release|Any CPU
	EndGlobalSection
	GlobalSection(SolutionProperties) = preSolution
		HideSolutionNode = FALSE
	EndGlobalSection
	GlobalSection(ExtensibilityGlobals) = postSolution
		SolutionGuid = {30EF5AE2-11F2-49E6-816B-0FDDD8C8813B}
	EndGlobalSection
EndGlobal
